
Microsoft Visual Studio Solution File, Format Version 12.00
# Visual Studio Version 17
VisualStudioVersion = 17.0.31903.59
MinimumVisualStudioVersion = 10.0.40219.1
Project("{FAE04EC0-301F-11D3-BF4B-00C04F79EFBC}") = "SmartStore.DAL", "SmartStore.DAL\SmartStore.DAL.csproj", "{D1EAA143-2789-4558-B07F-85256C572557}"
EndProject
Project("{FAE04EC0-301F-11D3-BF4B-00C04F79EFBC}") = "SmartStore.BLL", "SmartStore.BLL\SmartStore.BLL.csproj", "{C2D25E1A-2E6A-4B4F-943D-8E8AA74076A6}"
EndProject
Project("{FAE04EC0-301F-11D3-BF4B-00C04F79EFBC}") = "SmartStore.API", "SmartStore.API\SmartStore.API.csproj", "{BCE57B3A-CDAE-4C5D-B593-59C48F447466}"
EndProject
Global
	GlobalSection(SolutionConfigurationPlatforms) = preSolution
		Debug|Any CPU = Debug|Any CPU
		Release|Any CPU = Release|Any CPU
	EndGlobalSection
	GlobalSection(SolutionProperties) = preSolution
		HideSolutionNode = FALSE
	EndGlobalSection
	GlobalSection(ProjectConfigurationPlatforms) = postSolution
		{D1EAA143-2789-4558-B07F-85256C572557}.Debug|Any CPU.ActiveCfg = Debug|Any CPU
		{D1EAA143-2789-4558-B07F-85256C572557}.Debug|Any CPU.Build.0 = Debug|Any CPU
		{D1EAA143-2789-4558-B07F-85256C572557}.Release|Any CPU.ActiveCfg = Release|Any CPU
		{D1EAA143-2789-4558-B07F-85256C572557}.Release|Any CPU.Build.0 = Release|Any CPU
		{C2D25E1A-2E6A-4B4F-943D-8E8AA74076A6}.Debug|Any CPU.ActiveCfg = Debug|Any CPU
		{C2D25E1A-2E6A-4B4F-943D-8E8AA74076A6}.Debug|Any CPU.Build.0 = Debug|Any CPU
		{C2D25E1A-2E6A-4B4F-943D-8E8AA74076A6}.Release|Any CPU.ActiveCfg = Release|Any CPU
		{C2D25E1A-2E6A-4B4F-943D-8E8AA74076A6}.Release|Any CPU.Build.0 = Release|Any CPU
		{BCE57B3A-CDAE-4C5D-B593-59C48F447466}.Debug|Any CPU.ActiveCfg = Debug|Any CPU
		{BCE57B3A-CDAE-4C5D-B593-59C48F447466}.Debug|Any CPU.Build.0 = Debug|Any CPU
		{BCE57B3A-CDAE-4C5D-B593-59C48F447466}.Release|Any CPU.ActiveCfg = Release|Any CPU
		{BCE57B3A-CDAE-4C5D-B593-59C48F447466}.Release|Any CPU.Build.0 = Release|Any CPU
	EndGlobalSection
EndGlobal
